{
  "_meta": {
    "file-type": "spack-lockfile",
    "lockfile-version": 3,
    "specfile-version": 2
  },
  "roots": [
    {
      "hash": "4ofor3fn5v53mlgyvasvgxn3uuylextk",
      "spec": "openmpi"
    }
  ],
  "concrete_specs": {
    "4ofor3fn5v53mlgyvasvgxn3uuylextk": {
      "name": "openmpi",
      "version": "master",
      "arch": {
        "platform": "linux",
        "platform_os": "opensuse_leap15",
        "target": "x86_64"
      },
      "compiler": {
        "name": "oneapi",
        "version": "2022.1.0"
      },
      "namespace": "builtin",
      "parameters": {
        "atomics": false,
        "cuda": false,
        "cxx": false,
        "cxx_exceptions": false,
        "fabrics": [
          "ofi"
        ],
        "gpfs": true,
        "internal-hwloc": true,
        "java": false,
        "legacylaunchers": false,
        "lustre": false,
        "memchecker": false,
        "pmi": false,
        "pmix": false,
        "romio": false,
        "schedulers": [
          "none"
        ],
        "singularity": false,
        "sqlite3": false,
        "static": true,
        "thread_multiple": false,
        "vt": true,
        "wrapper-rpath": true,
        "cflags": [
          "-fPIC"
        ],
        "cppflags": [],
        "cxxflags": [
          "-fPIC"
        ],
        "fflags": [
          "-fPIC"
        ],
        "ldflags": [],
        "ldlibs": []
      },
      "dependencies": [
        {
          "name": "autoconf",
          "build_hash": "ypt5xzagr2cg5ahmx4ggeaplc3txpgda",
          "type": [
            "build"
          ]
        },
        {
          "name": "automake",
          "build_hash": "pxnsbgy7qpr6xse3na3grnc4zdalmllk",
          "type": [
            "build"
          ]
        },
        {
          "name": "libevent",
          "build_hash": "bxhmselwtrug7tf5ua6sigtjvf5gmhhf",
          "type": [
            "build",
            "link"
          ]
        },
        {
          "name": "libfabric",
          "build_hash": "mblzpnviepxiy6unevr56rrprd2b5qsb",
          "type": [
            "build",
            "link"
          ]
        },
        {
          "name": "libtool",
          "build_hash": "k2pkf6o6fzaxw3rg5qkxjcnclobxedrr",
          "type": [
            "build"
          ]
        },
        {
          "name": "m4",
          "build_hash": "hzwjs2oblap6omzy774xk44x7zfgptcb",
          "type": [
            "build"
          ]
        },
        {
          "name": "numactl",
          "build_hash": "5omchnphjo6kcm5ityaahd4v7tzqbyqx",
          "type": [
            "build",
            "link"
          ]
        },
        {
          "name": "openssh",
          "build_hash": "77bifyb5rcmspjm3r3oauwjvavqxo2yu",
          "type": [
            "run"
          ]
        },
        {
          "name": "pandoc",
          "build_hash": "6rjkvj7mnaja2qfagva6n44ttxkjs5zq",
          "type": [
            "build"
          ]
        },
        {
          "name": "perl",
          "build_hash": "z57d4k65rdmyj5xff2u37hh5j3dximuy",
          "type": [
            "build"
          ]
        },
        {
          "name": "pkgconf",
          "build_hash": "fkpifoq32lx7zrg2vx35uirzt5kciwaf",
          "type": [
            "build"
          ]
        },
        {
          "name": "zlib",
          "build_hash": "vvur3smzfvqlacdbrajkahnbsygksq74",
          "type": [
            "build",
            "link"
          ]
        }
      ],
      "hash": "lvhxbz3qpbd62cghfqoo3cfbfu5c2pke"
    },
    "ypt5xzagr2cg5ahmx4ggeaplc3txpgda": {
      "name": "autoconf",
      "version": "2.69",
      "arch": {
        "platform": "linux",
        "platform_os": "opensuse_leap15",
        "target": "x86_64"
      },
      "compiler": {
        "name": "oneapi",
        "version": "2022.1.0"
      },
      "namespace": "builtin",
      "parameters": {
        "patches": [
          "35c449281546376449766f92d49fc121ca50e330e60fefcfc9be2af3253082c2",
          "7793209b33013dc0f81208718c68440c5aae80e7a1c4b8d336e382525af791a7",
          "a49dd5bac3b62daa0ff688ab4d508d71dbd2f4f8d7e2a02321926346161bf3ee"
        ],
        "cflags": [
          "-fPIC"
        ],
        "cppflags": [],
        "cxxflags": [
          "-fPIC"
        ],
        "fflags": [
          "-fPIC"
        ],
        "ldflags": [],
        "ldlibs": []
      },
      "patches": [
        "7793209b33013dc0f81208718c68440c5aae80e7a1c4b8d336e382525af791a7",
        "35c449281546376449766f92d49fc121ca50e330e60fefcfc9be2af3253082c2",
        "a49dd5bac3b62daa0ff688ab4d508d71dbd2f4f8d7e2a02321926346161bf3ee"
      ],
      "dependencies": [
        {
          "name": "m4",
          "build_hash": "hzwjs2oblap6omzy774xk44x7zfgptcb",
          "type": [
            "build",
            "run"
          ]
        },
        {
          "name": "perl",
          "build_hash": "z57d4k65rdmyj5xff2u37hh5j3dximuy",
          "type": [
            "build",
            "run"
          ]
        }
      ],
      "hash": "uwohsptg77vjjjxcrqkaeyll7xawwegb"
    },
    "hzwjs2oblap6omzy774xk44x7zfgptcb": {
      "name": "m4",
      "version": "1.4.19",
      "arch": {
        "platform": "linux",
        "platform_os": "opensuse_leap15",
        "target": "x86_64"
      },
      "compiler": {
        "name": "oneapi",
        "version": "2022.1.0"
      },
      "namespace": "builtin",
      "parameters": {
        "patches": [
          "9dc5fbd0d5cb1037ab1e6d0ecc74a30df218d0a94bdd5a02759a97f62daca573",
          "bfdffa7c2eb01021d5849b36972c069693654ad826c1a20b53534009a4ec7a89"
        ],
        "sigsegv": true,
        "cflags": [
          "-fPIC"
        ],
        "cppflags": [],
        "cxxflags": [
          "-fPIC"
        ],
        "fflags": [
          "-fPIC"
        ],
        "ldflags": [],
        "ldlibs": []
      },
      "patches": [
        "bfdffa7c2eb01021d5849b36972c069693654ad826c1a20b53534009a4ec7a89",
        "9dc5fbd0d5cb1037ab1e6d0ecc74a30df218d0a94bdd5a02759a97f62daca573"
      ],
      "dependencies": [
        {
          "name": "libsigsegv",
          "build_hash": "z56vbfnqcuxbpymxklock2an5ypw3234",
          "type": [
            "build",
            "link"
          ]
        }
      ],
      "hash": "vcptvo6t5ompvhcgiy2bv6pebyuegeju"
    },
    "z56vbfnqcuxbpymxklock2an5ypw3234": {
      "name": "libsigsegv",
      "version": "2.13",
      "arch": {
        "platform": "linux",
        "platform_os": "opensuse_leap15",
        "target": "x86_64"
      },
      "compiler": {
        "name": "oneapi",
        "version": "2022.1.0"
      },
      "namespace": "builtin",
      "parameters": {
        "cflags": [
          "-fPIC"
        ],
        "cppflags": [],
        "cxxflags": [
          "-fPIC"
        ],
        "fflags": [
          "-fPIC"
        ],
        "ldflags": [],
        "ldlibs": []
      },
      "hash": "z56vbfnqcuxbpymxklock2an5ypw3234"
    },
    "z57d4k65rdmyj5xff2u37hh5j3dximuy": {
      "name": "perl",
      "version": "5.34.0",
      "arch": {
        "platform": "linux",
        "platform_os": "opensuse_leap15",
        "target": "x86_64"
      },
      "compiler": {
        "name": "oneapi",
        "version": "2022.1.0"
      },
      "namespace": "builtin",
      "parameters": {
        "cpanm": true,
        "shared": true,
        "threads": true,
        "cflags": [
          "-fPIC"
        ],
        "cppflags": [],
        "cxxflags": [
          "-fPIC"
        ],
        "fflags": [
          "-fPIC"
        ],
        "ldflags": [],
        "ldlibs": []
      },
      "dependencies": [
        {
          "name": "berkeley-db",
          "build_hash": "5wdibgso32lryw2fysfkrv4bd7mucexa",
          "type": [
            "build",
            "link"
          ]
        },
        {
          "name": "bzip2",
          "build_hash": "vzgfl4dnhvhs3mvfvn6vyvkrlnod5swf",
          "type": [
            "build",
            "link"
          ]
        },
        {
          "name": "gdbm",
          "build_hash": "6a6qfwsgukvi2a3eedhoa56z2rgiu6ss",
          "type": [
            "build",
            "link"
          ]
        },
        {
          "name": "zlib",
          "build_hash": "vvur3smzfvqlacdbrajkahnbsygksq74",
          "type": [
            "build",
            "link"
          ]
        }
      ],
      "hash": "bbab24kbinvuyrglda623ds2zbzc4uu3"
    },
    "5wdibgso32lryw2fysfkrv4bd7mucexa": {
      "name": "berkeley-db",
      "version": "18.1.40",
      "arch": {
        "platform": "linux",
        "platform_os": "opensuse_leap15",
        "target": "x86_64"
      },
      "compiler": {
        "name": "oneapi",
        "version": "2022.1.0"
      },
      "namespace": "builtin",
      "parameters": {
        "cxx": true,
        "docs": false,
        "patches": [
          "b231fcc4d5cff05e5c3a4814f6a5af0e9a966428dc2176540d2c05aff41de522"
        ],
        "stl": true,
        "cflags": [
          "-fPIC"
        ],
        "cppflags": [],
        "cxxflags": [
          "-fPIC"
        ],
        "fflags": [
          "-fPIC"
        ],
        "ldflags": [],
        "ldlibs": []
      },
      "patches": [
        "b231fcc4d5cff05e5c3a4814f6a5af0e9a966428dc2176540d2c05aff41de522"
      ],
      "hash": "5wdibgso32lryw2fysfkrv4bd7mucexa"
    },
    "vzgfl4dnhvhs3mvfvn6vyvkrlnod5swf": {
      "name": "bzip2",
      "version": "1.0.8",
      "arch": {
        "platform": "linux",
        "platform_os": "opensuse_leap15",
        "target": "x86_64"
      },
      "compiler": {
        "name": "oneapi",
        "version": "2022.1.0"
      },
      "namespace": "builtin",
      "parameters": {
        "debug": false,
        "pic": false,
        "shared": true,
        "cflags": [
          "-fPIC"
        ],
        "cppflags": [],
        "cxxflags": [
          "-fPIC"
        ],
        "fflags": [
          "-fPIC"
        ],
        "ldflags": [],
        "ldlibs": []
      },
      "dependencies": [
        {
          "name": "diffutils",
          "build_hash": "fvdvvoigwykmaap5h3nnhs3oditoy37c",
          "type": [
            "build"
          ]
        }
      ],
      "hash": "gqajpwnuvgk6lfeq72vf6464ajpf7mm4"
    },
    "fvdvvoigwykmaap5h3nnhs3oditoy37c": {
      "name": "diffutils",
      "version": "3.8",
      "arch": {
        "platform": "linux",
        "platform_os": "opensuse_leap15",
        "target": "x86_64"
      },
      "compiler": {
        "name": "oneapi",
        "version": "2022.1.0"
      },
      "namespace": "builtin",
      "parameters": {
        "cflags": [
          "-fPIC"
        ],
        "cppflags": [],
        "cxxflags": [
          "-fPIC"
        ],
        "fflags": [
          "-fPIC"
        ],
        "ldflags": [],
        "ldlibs": []
      },
      "dependencies": [
        {
          "name": "libiconv",
          "build_hash": "qzwoou4fxpavuxjsjosqtvsw23oyqgey",
          "type": [
            "build",
            "link"
          ]
        }
      ],
      "hash": "tyko4ab4ejydrlwnzx3gox6kqrvencpt"
    },
    "qzwoou4fxpavuxjsjosqtvsw23oyqgey": {
      "name": "libiconv",
      "version": "1.16",
      "arch": {
        "platform": "linux",
        "platform_os": "opensuse_leap15",
        "target": "x86_64"
      },
      "compiler": {
        "name": "oneapi",
        "version": "2022.1.0"
      },
      "namespace": "builtin",
      "parameters": {
        "libs": [
          "shared",
          "static"
        ],
        "cflags": [
          "-fPIC"
        ],
        "cppflags": [],
        "cxxflags": [
          "-fPIC"
        ],
        "fflags": [
          "-fPIC"
        ],
        "ldflags": [],
        "ldlibs": []
      },
      "hash": "qzwoou4fxpavuxjsjosqtvsw23oyqgey"
    },
    "6a6qfwsgukvi2a3eedhoa56z2rgiu6ss": {
      "name": "gdbm",
      "version": "1.19",
      "arch": {
        "platform": "linux",
        "platform_os": "opensuse_leap15",
        "target": "x86_64"
      },
      "compiler": {
        "name": "oneapi",
        "version": "2022.1.0"
      },
      "namespace": "builtin",
      "parameters": {
        "cflags": [
          "-fPIC"
        ],
        "cppflags": [],
        "cxxflags": [
          "-fPIC"
        ],
        "fflags": [
          "-fPIC"
        ],
        "ldflags": [],
        "ldlibs": []
      },
      "dependencies": [
        {
          "name": "readline",
          "build_hash": "d3an43szf76hek7bbmzylsvnfdujjnwo",
          "type": [
            "build",
            "link"
          ]
        }
      ],
      "hash": "edjql6bxtpf3qsw4qruk4mpudfo5pfaf"
    },
    "d3an43szf76hek7bbmzylsvnfdujjnwo": {
      "name": "readline",
      "version": "8.1",
      "arch": {
        "platform": "linux",
        "platform_os": "opensuse_leap15",
        "target": "x86_64"
      },
      "compiler": {
        "name": "oneapi",
        "version": "2022.1.0"
      },
      "namespace": "builtin",
      "parameters": {
        "cflags": [
          "-fPIC"
        ],
        "cppflags": [],
        "cxxflags": [
          "-fPIC"
        ],
        "fflags": [
          "-fPIC"
        ],
        "ldflags": [],
        "ldlibs": []
      },
      "dependencies": [
        {
          "name": "ncurses",
          "build_hash": "j6rsgjjvyzjntzca3cgmwyrgiyod7vbe",
          "type": [
            "build",
            "link"
          ]
        }
      ],
      "hash": "eoa64e6diawbahshfipt5i6ybec4c6bg"
    },
    "j6rsgjjvyzjntzca3cgmwyrgiyod7vbe": {
      "name": "ncurses",
      "version": "6.2",
      "arch": {
        "platform": "linux",
        "platform_os": "opensuse_leap15",
        "target": "x86_64"
      },
      "compiler": {
        "name": "oneapi",
        "version": "2022.1.0"
      },
      "namespace": "builtin",
      "parameters": {
        "abi": "none",
        "symlinks": false,
        "termlib": true,
        "cflags": [
          "-fPIC"
        ],
        "cppflags": [],
        "cxxflags": [
          "-fPIC"
        ],
        "fflags": [
          "-fPIC"
        ],
        "ldflags": [],
        "ldlibs": []
      },
      "dependencies": [
        {
          "name": "pkgconf",
          "build_hash": "fkpifoq32lx7zrg2vx35uirzt5kciwaf",
          "type": [
            "build"
          ]
        }
      ],
      "hash": "ksfubnz4ohaw2easz2vhssle6vo52a6b"
    },
    "fkpifoq32lx7zrg2vx35uirzt5kciwaf": {
      "name": "pkgconf",
      "version": "1.8.0",
      "arch": {
        "platform": "linux",
        "platform_os": "opensuse_leap15",
        "target": "x86_64"
      },
      "compiler": {
        "name": "oneapi",
        "version": "2022.1.0"
      },
      "namespace": "builtin",
      "parameters": {
        "cflags": [
          "-fPIC"
        ],
        "cppflags": [],
        "cxxflags": [
          "-fPIC"
        ],
        "fflags": [
          "-fPIC"
        ],
        "ldflags": [],
        "ldlibs": []
      },
      "hash": "fkpifoq32lx7zrg2vx35uirzt5kciwaf"
    },
    "vvur3smzfvqlacdbrajkahnbsygksq74": {
      "name": "zlib",
      "version": "1.2.11",
      "arch": {
        "platform": "linux",
        "platform_os": "opensuse_leap15",
        "target": "x86_64"
      },
      "compiler": {
        "name": "oneapi",
        "version": "2022.1.0"
      },
      "namespace": "builtin",
      "parameters": {
        "optimize": true,
        "pic": true,
        "shared": true,
        "cflags": [
          "-fPIC"
        ],
        "cppflags": [],
        "cxxflags": [
          "-fPIC"
        ],
        "fflags": [
          "-fPIC"
        ],
        "ldflags": [],
        "ldlibs": []
      },
      "hash": "vvur3smzfvqlacdbrajkahnbsygksq74"
    },
    "pxnsbgy7qpr6xse3na3grnc4zdalmllk": {
      "name": "automake",
      "version": "1.16.3",
      "arch": {
        "platform": "linux",
        "platform_os": "opensuse_leap15",
        "target": "x86_64"
      },
      "compiler": {
        "name": "oneapi",
        "version": "2022.1.0"
      },
      "namespace": "builtin",
      "parameters": {
        "cflags": [
          "-fPIC"
        ],
        "cppflags": [],
        "cxxflags": [
          "-fPIC"
        ],
        "fflags": [
          "-fPIC"
        ],
        "ldflags": [],
        "ldlibs": []
      },
      "dependencies": [
        {
          "name": "autoconf",
          "build_hash": "ypt5xzagr2cg5ahmx4ggeaplc3txpgda",
          "type": [
            "build"
          ]
        },
        {
          "name": "perl",
          "build_hash": "z57d4k65rdmyj5xff2u37hh5j3dximuy",
          "type": [
            "build",
            "run"
          ]
        }
      ],
      "hash": "vo3ps7k536kfjkutsagxkqchwojpzaug"
    },
    "bxhmselwtrug7tf5ua6sigtjvf5gmhhf": {
      "name": "libevent",
      "version": "2.1.12",
      "arch": {
        "platform": "linux",
        "platform_os": "opensuse_leap15",
        "target": "x86_64"
      },
      "compiler": {
        "name": "oneapi",
        "version": "2022.1.0"
      },
      "namespace": "builtin",
      "parameters": {
        "openssl": true,
        "cflags": [
          "-fPIC"
        ],
        "cppflags": [],
        "cxxflags": [
          "-fPIC"
        ],
        "fflags": [
          "-fPIC"
        ],
        "ldflags": [],
        "ldlibs": []
      },
      "dependencies": [
        {
          "name": "openssl",
          "build_hash": "dw65njc2s333j56vlw5ukoqnuknarf5r",
          "type": [
            "build",
            "link"
          ]
        }
      ],
      "hash": "eogbhyjhsdgd2nr5vvumkmgaeafdi65e"
    },
    "dw65njc2s333j56vlw5ukoqnuknarf5r": {
      "name": "openssl",
      "version": "1.1.1l",
      "arch": {
        "platform": "linux",
        "platform_os": "opensuse_leap15",
        "target": "x86_64"
      },
      "compiler": {
        "name": "oneapi",
        "version": "2022.1.0"
      },
      "namespace": "builtin",
      "parameters": {
        "certs": "system",
        "docs": false,
        "cflags": [
          "-fPIC"
        ],
        "cppflags": [],
        "cxxflags": [
          "-fPIC"
        ],
        "fflags": [
          "-fPIC"
        ],
        "ldflags": [],
        "ldlibs": []
      },
      "dependencies": [
        {
          "name": "perl",
          "build_hash": "z57d4k65rdmyj5xff2u37hh5j3dximuy",
          "type": [
            "build"
          ]
        },
        {
          "name": "zlib",
          "build_hash": "vvur3smzfvqlacdbrajkahnbsygksq74",
          "type": [
            "build",
            "link"
          ]
        }
      ],
      "hash": "3kroe6erkciydigpzi3f3mftva24d37r"
    },
    "mblzpnviepxiy6unevr56rrprd2b5qsb": {
      "name": "libfabric",
      "version": "1.14.0",
      "arch": {
        "platform": "linux",
        "platform_os": "opensuse_leap15",
        "target": "x86_64"
      },
      "compiler": {
        "name": "oneapi",
        "version": "2022.1.0"
      },
      "namespace": "builtin",
      "parameters": {
        "debug": false,
        "fabrics": [
          "sockets",
          "tcp",
          "udp"
        ],
        "kdreg": false,
        "cflags": [
          "-fPIC"
        ],
        "cppflags": [],
        "cxxflags": [
          "-fPIC"
        ],
        "fflags": [
          "-fPIC"
        ],
        "ldflags": [],
        "ldlibs": []
      },
      "hash": "mblzpnviepxiy6unevr56rrprd2b5qsb"
    },
    "k2pkf6o6fzaxw3rg5qkxjcnclobxedrr": {
      "name": "libtool",
      "version": "2.4.6",
      "arch": {
        "platform": "linux",
        "platform_os": "opensuse_leap15",
        "target": "x86_64"
      },
      "compiler": {
        "name": "oneapi",
        "version": "2022.1.0"
      },
      "namespace": "builtin",
      "parameters": {
        "cflags": [
          "-fPIC"
        ],
        "cppflags": [],
        "cxxflags": [
          "-fPIC"
        ],
        "fflags": [
          "-fPIC"
        ],
        "ldflags": [],
        "ldlibs": []
      },
      "dependencies": [
        {
          "name": "m4",
          "build_hash": "hzwjs2oblap6omzy774xk44x7zfgptcb",
          "type": [
            "build"
          ]
        }
      ],
      "hash": "xeomasbgmfit4fnp5yu4dwnks2a6gixs"
    },
    "5omchnphjo6kcm5ityaahd4v7tzqbyqx": {
      "name": "numactl",
      "version": "2.0.14",
      "arch": {
        "platform": "linux",
        "platform_os": "opensuse_leap15",
        "target": "x86_64"
      },
      "compiler": {
        "name": "oneapi",
        "version": "2022.1.0"
      },
      "namespace": "builtin",
      "parameters": {
        "patches": [
          "4e1d78cbbb85de625bad28705e748856033eaafab92a66dffd383a3d7e00cc94",
          "62fc8a8bf7665a60e8f4c93ebbd535647cebf74198f7afafec4c085a8825c006",
          "ff37630df599cfabf0740518b91ec8daaf18e8f288b19adaae5364dc1f6b2296"
        ],
        "cflags": [
          "-fPIC"
        ],
        "cppflags": [],
        "cxxflags": [
          "-fPIC"
        ],
        "fflags": [
          "-fPIC"
        ],
        "ldflags": [],
        "ldlibs": []
      },
      "patches": [
        "4e1d78cbbb85de625bad28705e748856033eaafab92a66dffd383a3d7e00cc94",
        "62fc8a8bf7665a60e8f4c93ebbd535647cebf74198f7afafec4c085a8825c006",
        "ff37630df599cfabf0740518b91ec8daaf18e8f288b19adaae5364dc1f6b2296"
      ],
      "dependencies": [
        {
          "name": "autoconf",
          "build_hash": "ypt5xzagr2cg5ahmx4ggeaplc3txpgda",
          "type": [
            "build"
          ]
        },
        {
          "name": "automake",
          "build_hash": "pxnsbgy7qpr6xse3na3grnc4zdalmllk",
          "type": [
            "build"
          ]
        },
        {
          "name": "libtool",
          "build_hash": "k2pkf6o6fzaxw3rg5qkxjcnclobxedrr",
          "type": [
            "build"
          ]
        },
        {
          "name": "m4",
          "build_hash": "hzwjs2oblap6omzy774xk44x7zfgptcb",
          "type": [
            "build"
          ]
        }
      ],
      "hash": "oyq6golbngyxv3ewetwqkko4uuzjev5c"
    },
    "77bifyb5rcmspjm3r3oauwjvavqxo2yu": {
      "name": "openssh",
      "version": "8.7p1",
      "arch": {
        "platform": "linux",
        "platform_os": "opensuse_leap15",
        "target": "x86_64"
      },
      "compiler": {
        "name": "oneapi",
        "version": "2022.1.0"
      },
      "namespace": "builtin",
      "parameters": {
        "cflags": [
          "-fPIC"
        ],
        "cppflags": [],
        "cxxflags": [
          "-fPIC"
        ],
        "fflags": [
          "-fPIC"
        ],
        "ldflags": [],
        "ldlibs": []
      },
      "dependencies": [
        {
          "name": "libedit",
          "build_hash": "odn6zlgcf5v6qrz52ljt2kad5pxvrc3h",
          "type": [
            "build",
            "link"
          ]
        },
        {
          "name": "ncurses",
          "build_hash": "j6rsgjjvyzjntzca3cgmwyrgiyod7vbe",
          "type": [
            "build",
            "link"
          ]
        },
        {
          "name": "openssl",
          "build_hash": "dw65njc2s333j56vlw5ukoqnuknarf5r",
          "type": [
            "build",
            "link"
          ]
        },
        {
          "name": "zlib",
          "build_hash": "vvur3smzfvqlacdbrajkahnbsygksq74",
          "type": [
            "build",
            "link"
          ]
        }
      ],
      "hash": "f6whfctmudwokpekmthx66bxmeodw7zu"
    },
    "odn6zlgcf5v6qrz52ljt2kad5pxvrc3h": {
      "name": "libedit",
      "version": "3.1-20210216",
      "arch": {
        "platform": "linux",
        "platform_os": "opensuse_leap15",
        "target": "x86_64"
      },
      "compiler": {
        "name": "oneapi",
        "version": "2022.1.0"
      },
      "namespace": "builtin",
      "parameters": {
        "cflags": [
          "-fPIC"
        ],
        "cppflags": [],
        "cxxflags": [
          "-fPIC"
        ],
        "fflags": [
          "-fPIC"
        ],
        "ldflags": [],
        "ldlibs": []
      },
      "dependencies": [
        {
          "name": "ncurses",
          "build_hash": "j6rsgjjvyzjntzca3cgmwyrgiyod7vbe",
          "type": [
            "build",
            "link"
          ]
        },
        {
          "name": "pkgconf",
          "build_hash": "fkpifoq32lx7zrg2vx35uirzt5kciwaf",
          "type": [
            "build"
          ]
        }
      ],
      "hash": "7js4aadbxoxdrgsra5yr2iz32fly3cgv"
    },
    "6rjkvj7mnaja2qfagva6n44ttxkjs5zq": {
      "name": "pandoc",
      "version": "2.14.0.3",
      "arch": {
        "platform": "linux",
        "platform_os": "opensuse_leap15",
        "target": "x86_64"
      },
      "compiler": {
        "name": "oneapi",
        "version": "2022.1.0"
      },
      "namespace": "builtin",
      "parameters": {
        "texlive": true,
        "cflags": [
          "-fPIC"
        ],
        "cppflags": [],
        "cxxflags": [
          "-fPIC"
        ],
        "fflags": [
          "-fPIC"
        ],
        "ldflags": [],
        "ldlibs": []
      },
      "dependencies": [
        {
          "name": "texlive",
          "build_hash": "qeg4lg6ncc3newdb4xwizbjsjs5gcg5b",
          "type": [
            "build",
            "link"
          ]
        }
      ],
      "hash": "zeblne66467o2aiihwvynkjpq7762frf"
    },
    "qeg4lg6ncc3newdb4xwizbjsjs5gcg5b": {
      "name": "texlive",
      "version": "live",
      "arch": {
        "platform": "linux",
        "platform_os": "opensuse_leap15",
        "target": "x86_64"
      },
      "compiler": {
        "name": "oneapi",
        "version": "2022.1.0"
      },
      "namespace": "builtin",
      "parameters": {
        "scheme": "small",
        "cflags": [
          "-fPIC"
        ],
        "cppflags": [],
        "cxxflags": [
          "-fPIC"
        ],
        "fflags": [
          "-fPIC"
        ],
        "ldflags": [],
        "ldlibs": []
      },
      "dependencies": [
        {
          "name": "perl",
          "build_hash": "z57d4k65rdmyj5xff2u37hh5j3dximuy",
          "type": [
            "build"
          ]
        }
      ],
      "hash": "zhyna72oop3lkja24isjtfe7eo3bng5p"
    }
  }
}